
Microsoft Visual Studio Solution File, Format Version 12.00
# Visual Studio Version 16
VisualStudioVersion = 16.0.31729.503
MinimumVisualStudioVersion = 10.0.40219.1
Project("{FAE04EC0-301F-11D3-BF4B-00C04F79EFBC}") = "employeeLeavesManagement", "employeeLeavesManagement\employeeLeavesManagement.csproj", "{86B44371-025A-439D-8BFE-53AE122D3815}"
EndProject
Global
	GlobalSection(SolutionConfigurationPlatforms) = preSolution
		Debug|Any CPU = Debug|Any CPU
		Release|Any CPU = Release|Any CPU
	EndGlobalSection
	GlobalSection(ProjectConfigurationPlatforms) = postSolution
		{86B44371-025A-439D-8BFE-53AE122D3815}.Debug|Any CPU.ActiveCfg = Debug|Any CPU
		{86B44371-025A-439D-8BFE-53AE122D3815}.Debug|Any CPU.Build.0 = Debug|Any CPU
		{86B44371-025A-439D-8BFE-53AE122D3815}.Release|Any CPU.ActiveCfg = Release|Any CPU
		{86B44371-025A-439D-8BFE-53AE122D3815}.Release|Any CPU.Build.0 = Release|Any CPU
	EndGlobalSection
	GlobalSection(SolutionProperties) = preSolution
		HideSolutionNode = FALSE
	EndGlobalSection
	GlobalSection(ExtensibilityGlobals) = postSolution
		SolutionGuid = {964C91FC-134F-4769-9114-40FCA1B4ABC1}
	EndGlobalSection
EndGlobal
